
Microsoft Visual Studio Solution File, Format Version 12.00
Project("{FAE04EC0-301F-11D3-BF4B-00C04F79EFBC}") = "Holidays.Core", "Holidays.Core\Holidays.Core.csproj", "{2C5500BD-1EA0-44F2-8227-9287CEA109E0}"
EndProject
Project("{FAE04EC0-301F-11D3-BF4B-00C04F79EFBC}") = "Holidays.CollectingApp", "Holidays.CollectingApp\Holidays.CollectingApp.csproj", "{FB399882-D8BC-4ED3-80B0-AC1ECB6FADEE}"
EndProject
Project("{FAE04EC0-301F-11D3-BF4B-00C04F79EFBC}") = "Holidays.Selenium.Tests", "..\tests\Holidays.Selenium.Tests\Holidays.Selenium.Tests.csproj", "{44C68209-CF0F-45FB-A8E5-C9776BB924BA}"
EndProject
Project("{2150E333-8FDC-42A3-9474-1A3956D46DE8}") = "src", "src", "{274923D1-08BE-4B33-A1E1-90D2CC298746}"
EndProject
Project("{2150E333-8FDC-42A3-9474-1A3956D46DE8}") = "tests", "tests", "{01772BFC-28B1-49CB-A06D-7A6681E7FA3F}"
EndProject
Project("{2150E333-8FDC-42A3-9474-1A3956D46DE8}") = "infrastructure", "infrastructure", "{98E8A841-EF9B-4433-93B0-0B9F4EDF85B8}"
	ProjectSection(SolutionItems) = preProject
		..\infrastructure\docker-compose.yml = ..\infrastructure\docker-compose.yml
		..\infrastructure\.dockerignore = ..\infrastructure\.dockerignore
	EndProjectSection
EndProject
Project("{FAE04EC0-301F-11D3-BF4B-00C04F79EFBC}") = "Holidays.Eventing", "Holidays.Eventing\Holidays.Eventing.csproj", "{1D3CD4C2-FCD1-44C9-9164-7322067CE299}"
EndProject
Project("{FAE04EC0-301F-11D3-BF4B-00C04F79EFBC}") = "Holidays.InMemoryStore", "Holidays.InMemoryStore\Holidays.InMemoryStore.csproj", "{E440DF3C-EF8A-465D-8C33-07E2D158C086}"
EndProject
Project("{2150E333-8FDC-42A3-9474-1A3956D46DE8}") = "selenium", "selenium", "{1BF0AA4E-196C-46E6-8E18-248F7A9259A0}"
	ProjectSection(SolutionItems) = preProject
		..\infrastructure\selenium\Dockerfile = ..\infrastructure\selenium\Dockerfile
	EndProjectSection
EndProject
Project("{2150E333-8FDC-42A3-9474-1A3956D46DE8}") = "doc", "doc", "{3E02539B-6C5F-4B63-8222-BBBA8C1A40B4}"
	ProjectSection(SolutionItems) = preProject
		..\README.md = ..\README.md
	EndProjectSection
EndProject
Project("{FAE04EC0-301F-11D3-BF4B-00C04F79EFBC}") = "Holidays.Eventing.Tests", "..\tests\Holidays.Eventing.Tests\Holidays.Eventing.Tests.csproj", "{79E158BD-9B90-4EBA-9F5E-26BE1C4113BC}"
EndProject
Project("{FAE04EC0-301F-11D3-BF4B-00C04F79EFBC}") = "Holidays.Core.Tests", "..\tests\Holidays.Core.Tests\Holidays.Core.Tests.csproj", "{0B10E9A9-2601-485A-977D-4783EEA96E3B}"
EndProject
Project("{FAE04EC0-301F-11D3-BF4B-00C04F79EFBC}") = "Holidays.Configuration", "Holidays.Configuration\Holidays.Configuration.csproj", "{6CA5C58F-CA42-4619-A943-4F911245507F}"
EndProject
Project("{FAE04EC0-301F-11D3-BF4B-00C04F79EFBC}") = "Holidays.DataSource.Rainbow", "Holidays.DataSource.Rainbow\Holidays.DataSource.Rainbow.csproj", "{9FB19964-6FE7-47C6-A491-21BAE55DE172}"
EndProject
Project("{FAE04EC0-301F-11D3-BF4B-00C04F79EFBC}") = "Holidays.Selenium", "Holidays.Selenium\Holidays.Selenium.csproj", "{882A1509-5E03-4E45-876A-6ECA9A4FCAED}"
EndProject
Project("{FAE04EC0-301F-11D3-BF4B-00C04F79EFBC}") = "Holidays.Configuration.Tests", "..\tests\Holidays.Configuration.Tests\Holidays.Configuration.Tests.csproj", "{0FAB9876-31DD-4A0E-A03C-ED77C11C516B}"
EndProject
Project("{2150E333-8FDC-42A3-9474-1A3956D46DE8}") = "postgres", "postgres", "{A8A55A1C-5113-4F85-822D-1309804BB345}"
	ProjectSection(SolutionItems) = preProject
		..\infrastructure\postgres\Dockerfile = ..\infrastructure\postgres\Dockerfile
		..\infrastructure\postgres\init.sql = ..\infrastructure\postgres\init.sql
	EndProjectSection
EndProject
Project("{FAE04EC0-301F-11D3-BF4B-00C04F79EFBC}") = "Holidays.Postgres", "Holidays.Postgres\Holidays.Postgres.csproj", "{6489315C-03E7-4C36-A65D-1E23EDB618D2}"
EndProject
Project("{FAE04EC0-301F-11D3-BF4B-00C04F79EFBC}") = "Holidays.Postgres.Tests", "..\tests\Holidays.Postgres.Tests\Holidays.Postgres.Tests.csproj", "{74809CBA-AD30-4F57-AA3F-D7951D4CE5EC}"
EndProject
Project("{FAE04EC0-301F-11D3-BF4B-00C04F79EFBC}") = "Holidays.InMemoryStore.Tests", "..\tests\Holidays.InMemoryStore.Tests\Holidays.InMemoryStore.Tests.csproj", "{9DED9D08-667B-4D68-A275-02D1EED0590E}"
EndProject
Project("{2150E333-8FDC-42A3-9474-1A3956D46DE8}") = "rabbitmq", "rabbitmq", "{20594253-16DA-498D-A6E7-91797EDC2C5B}"
	ProjectSection(SolutionItems) = preProject
		..\infrastructure\rabbitmq\Dockerfile = ..\infrastructure\rabbitmq\Dockerfile
		..\infrastructure\rabbitmq\init.sh = ..\infrastructure\rabbitmq\init.sh
	EndProjectSection
EndProject
Project("{FAE04EC0-301F-11D3-BF4B-00C04F79EFBC}") = "Holidays.Eventing.RabbitMq", "Holidays.Eventing.RabbitMq\Holidays.Eventing.RabbitMq.csproj", "{80E600E0-F60C-43F5-97C4-A6581804E553}"
EndProject
Project("{FAE04EC0-301F-11D3-BF4B-00C04F79EFBC}") = "Holidays.Eventing.RabbitMq.Tests", "..\tests\Holidays.Eventing.RabbitMq.Tests\Holidays.Eventing.RabbitMq.Tests.csproj", "{4FC9682A-9768-42F2-8CD8-CC3CDF5AC7E9}"
EndProject
Project("{FAE04EC0-301F-11D3-BF4B-00C04F79EFBC}") = "Holidays.DataSource.Tui", "Holidays.DataSource.Tui\Holidays.DataSource.Tui.csproj", "{16379419-9E85-4090-933F-6C91AF7DB372}"
EndProject
Project("{2150E333-8FDC-42A3-9474-1A3956D46DE8}") = "collecting-app", "collecting-app", "{34E8E4E4-CA71-4888-A179-533A2C609FB3}"
	ProjectSection(SolutionItems) = preProject
		..\infrastructure\collecting-app\appsettings.json = ..\infrastructure\collecting-app\appsettings.json
		..\infrastructure\collecting-app\Dockerfile = ..\infrastructure\collecting-app\Dockerfile
	EndProjectSection
EndProject
Project("{2150E333-8FDC-42A3-9474-1A3956D46DE8}") = "etc", "etc", "{9A3E3552-32F0-46B1-94F4-206BE31D3BD2}"
	ProjectSection(SolutionItems) = preProject
		..\.editorconfig = ..\.editorconfig
		..\.gitignore = ..\.gitignore
		..\.gitattributes = ..\.gitattributes
	EndProjectSection
EndProject
Project("{FAE04EC0-301F-11D3-BF4B-00C04F79EFBC}") = "Holidays.BlazorUI", "Holidays.BlazorUI\Holidays.BlazorUI.csproj", "{9F9D0AFE-B165-4C6B-9245-5BA14F61A9E5}"
EndProject
Project("{FAE04EC0-301F-11D3-BF4B-00C04F79EFBC}") = "Holidays.WebAPI", "Holidays.WebAPI\Holidays.WebAPI.csproj", "{ED078764-23D7-41E7-BACF-A7FC389ACFBD}"
EndProject
Project("{2150E333-8FDC-42A3-9474-1A3956D46DE8}") = "lib", "lib", "{9C605631-77ED-46C5-8520-CAE557B2BDCF}"
EndProject
Project("{FAE04EC0-301F-11D3-BF4B-00C04F79EFBC}") = "Holidays.DataTransferObjects", "Holidays.DataTransferObjects\Holidays.DataTransferObjects.csproj", "{7C590C8D-7A50-46C6-AFE8-7EAF4999DD40}"
EndProject
Global
	GlobalSection(SolutionConfigurationPlatforms) = preSolution
		Debug|Any CPU = Debug|Any CPU
		Release|Any CPU = Release|Any CPU
	EndGlobalSection
	GlobalSection(ProjectConfigurationPlatforms) = postSolution
		{2C5500BD-1EA0-44F2-8227-9287CEA109E0}.Debug|Any CPU.ActiveCfg = Debug|Any CPU
		{2C5500BD-1EA0-44F2-8227-9287CEA109E0}.Debug|Any CPU.Build.0 = Debug|Any CPU
		{2C5500BD-1EA0-44F2-8227-9287CEA109E0}.Release|Any CPU.ActiveCfg = Release|Any CPU
		{2C5500BD-1EA0-44F2-8227-9287CEA109E0}.Release|Any CPU.Build.0 = Release|Any CPU
		{FB399882-D8BC-4ED3-80B0-AC1ECB6FADEE}.Debug|Any CPU.ActiveCfg = Debug|Any CPU
		{FB399882-D8BC-4ED3-80B0-AC1ECB6FADEE}.Debug|Any CPU.Build.0 = Debug|Any CPU
		{FB399882-D8BC-4ED3-80B0-AC1ECB6FADEE}.Release|Any CPU.ActiveCfg = Release|Any CPU
		{FB399882-D8BC-4ED3-80B0-AC1ECB6FADEE}.Release|Any CPU.Build.0 = Release|Any CPU
		{44C68209-CF0F-45FB-A8E5-C9776BB924BA}.Debug|Any CPU.ActiveCfg = Debug|Any CPU
		{44C68209-CF0F-45FB-A8E5-C9776BB924BA}.Debug|Any CPU.Build.0 = Debug|Any CPU
		{44C68209-CF0F-45FB-A8E5-C9776BB924BA}.Release|Any CPU.ActiveCfg = Release|Any CPU
		{44C68209-CF0F-45FB-A8E5-C9776BB924BA}.Release|Any CPU.Build.0 = Release|Any CPU
		{1D3CD4C2-FCD1-44C9-9164-7322067CE299}.Debug|Any CPU.ActiveCfg = Debug|Any CPU
		{1D3CD4C2-FCD1-44C9-9164-7322067CE299}.Debug|Any CPU.Build.0 = Debug|Any CPU
		{1D3CD4C2-FCD1-44C9-9164-7322067CE299}.Release|Any CPU.ActiveCfg = Release|Any CPU
		{1D3CD4C2-FCD1-44C9-9164-7322067CE299}.Release|Any CPU.Build.0 = Release|Any CPU
		{E440DF3C-EF8A-465D-8C33-07E2D158C086}.Debug|Any CPU.ActiveCfg = Debug|Any CPU
		{E440DF3C-EF8A-465D-8C33-07E2D158C086}.Debug|Any CPU.Build.0 = Debug|Any CPU
		{E440DF3C-EF8A-465D-8C33-07E2D158C086}.Release|Any CPU.ActiveCfg = Release|Any CPU
		{E440DF3C-EF8A-465D-8C33-07E2D158C086}.Release|Any CPU.Build.0 = Release|Any CPU
		{79E158BD-9B90-4EBA-9F5E-26BE1C4113BC}.Debug|Any CPU.ActiveCfg = Debug|Any CPU
		{79E158BD-9B90-4EBA-9F5E-26BE1C4113BC}.Debug|Any CPU.Build.0 = Debug|Any CPU
		{79E158BD-9B90-4EBA-9F5E-26BE1C4113BC}.Release|Any CPU.ActiveCfg = Release|Any CPU
		{79E158BD-9B90-4EBA-9F5E-26BE1C4113BC}.Release|Any CPU.Build.0 = Release|Any CPU
		{0B10E9A9-2601-485A-977D-4783EEA96E3B}.Debug|Any CPU.ActiveCfg = Debug|Any CPU
		{0B10E9A9-2601-485A-977D-4783EEA96E3B}.Debug|Any CPU.Build.0 = Debug|Any CPU
		{0B10E9A9-2601-485A-977D-4783EEA96E3B}.Release|Any CPU.ActiveCfg = Release|Any CPU
		{0B10E9A9-2601-485A-977D-4783EEA96E3B}.Release|Any CPU.Build.0 = Release|Any CPU
		{6CA5C58F-CA42-4619-A943-4F911245507F}.Debug|Any CPU.ActiveCfg = Debug|Any CPU
		{6CA5C58F-CA42-4619-A943-4F911245507F}.Debug|Any CPU.Build.0 = Debug|Any CPU
		{6CA5C58F-CA42-4619-A943-4F911245507F}.Release|Any CPU.ActiveCfg = Release|Any CPU
		{6CA5C58F-CA42-4619-A943-4F911245507F}.Release|Any CPU.Build.0 = Release|Any CPU
		{9FB19964-6FE7-47C6-A491-21BAE55DE172}.Debug|Any CPU.ActiveCfg = Debug|Any CPU
		{9FB19964-6FE7-47C6-A491-21BAE55DE172}.Debug|Any CPU.Build.0 = Debug|Any CPU
		{9FB19964-6FE7-47C6-A491-21BAE55DE172}.Release|Any CPU.ActiveCfg = Release|Any CPU
		{9FB19964-6FE7-47C6-A491-21BAE55DE172}.Release|Any CPU.Build.0 = Release|Any CPU
		{882A1509-5E03-4E45-876A-6ECA9A4FCAED}.Debug|Any CPU.ActiveCfg = Debug|Any CPU
		{882A1509-5E03-4E45-876A-6ECA9A4FCAED}.Debug|Any CPU.Build.0 = Debug|Any CPU
		{882A1509-5E03-4E45-876A-6ECA9A4FCAED}.Release|Any CPU.ActiveCfg = Release|Any CPU
		{882A1509-5E03-4E45-876A-6ECA9A4FCAED}.Release|Any CPU.Build.0 = Release|Any CPU
		{0FAB9876-31DD-4A0E-A03C-ED77C11C516B}.Debug|Any CPU.ActiveCfg = Debug|Any CPU
		{0FAB9876-31DD-4A0E-A03C-ED77C11C516B}.Debug|Any CPU.Build.0 = Debug|Any CPU
		{0FAB9876-31DD-4A0E-A03C-ED77C11C516B}.Release|Any CPU.ActiveCfg = Release|Any CPU
		{0FAB9876-31DD-4A0E-A03C-ED77C11C516B}.Release|Any CPU.Build.0 = Release|Any CPU
		{6489315C-03E7-4C36-A65D-1E23EDB618D2}.Debug|Any CPU.ActiveCfg = Debug|Any CPU
		{6489315C-03E7-4C36-A65D-1E23EDB618D2}.Debug|Any CPU.Build.0 = Debug|Any CPU
		{6489315C-03E7-4C36-A65D-1E23EDB618D2}.Release|Any CPU.ActiveCfg = Release|Any CPU
		{6489315C-03E7-4C36-A65D-1E23EDB618D2}.Release|Any CPU.Build.0 = Release|Any CPU
		{74809CBA-AD30-4F57-AA3F-D7951D4CE5EC}.Debug|Any CPU.ActiveCfg = Debug|Any CPU
		{74809CBA-AD30-4F57-AA3F-D7951D4CE5EC}.Debug|Any CPU.Build.0 = Debug|Any CPU
		{74809CBA-AD30-4F57-AA3F-D7951D4CE5EC}.Release|Any CPU.ActiveCfg = Release|Any CPU
		{74809CBA-AD30-4F57-AA3F-D7951D4CE5EC}.Release|Any CPU.Build.0 = Release|Any CPU
		{9DED9D08-667B-4D68-A275-02D1EED0590E}.Debug|Any CPU.ActiveCfg = Debug|Any CPU
		{9DED9D08-667B-4D68-A275-02D1EED0590E}.Debug|Any CPU.Build.0 = Debug|Any CPU
		{9DED9D08-667B-4D68-A275-02D1EED0590E}.Release|Any CPU.ActiveCfg = Release|Any CPU
		{9DED9D08-667B-4D68-A275-02D1EED0590E}.Release|Any CPU.Build.0 = Release|Any CPU
		{80E600E0-F60C-43F5-97C4-A6581804E553}.Debug|Any CPU.ActiveCfg = Debug|Any CPU
		{80E600E0-F60C-43F5-97C4-A6581804E553}.Debug|Any CPU.Build.0 = Debug|Any CPU
		{80E600E0-F60C-43F5-97C4-A6581804E553}.Release|Any CPU.ActiveCfg = Release|Any CPU
		{80E600E0-F60C-43F5-97C4-A6581804E553}.Release|Any CPU.Build.0 = Release|Any CPU
		{4FC9682A-9768-42F2-8CD8-CC3CDF5AC7E9}.Debug|Any CPU.ActiveCfg = Debug|Any CPU
		{4FC9682A-9768-42F2-8CD8-CC3CDF5AC7E9}.Debug|Any CPU.Build.0 = Debug|Any CPU
		{4FC9682A-9768-42F2-8CD8-CC3CDF5AC7E9}.Release|Any CPU.ActiveCfg = Release|Any CPU
		{4FC9682A-9768-42F2-8CD8-CC3CDF5AC7E9}.Release|Any CPU.Build.0 = Release|Any CPU
		{16379419-9E85-4090-933F-6C91AF7DB372}.Debug|Any CPU.ActiveCfg = Debug|Any CPU
		{16379419-9E85-4090-933F-6C91AF7DB372}.Debug|Any CPU.Build.0 = Debug|Any CPU
		{16379419-9E85-4090-933F-6C91AF7DB372}.Release|Any CPU.ActiveCfg = Release|Any CPU
		{16379419-9E85-4090-933F-6C91AF7DB372}.Release|Any CPU.Build.0 = Release|Any CPU
		{9F9D0AFE-B165-4C6B-9245-5BA14F61A9E5}.Debug|Any CPU.ActiveCfg = Debug|Any CPU
		{9F9D0AFE-B165-4C6B-9245-5BA14F61A9E5}.Debug|Any CPU.Build.0 = Debug|Any CPU
		{9F9D0AFE-B165-4C6B-9245-5BA14F61A9E5}.Release|Any CPU.ActiveCfg = Release|Any CPU
		{9F9D0AFE-B165-4C6B-9245-5BA14F61A9E5}.Release|Any CPU.Build.0 = Release|Any CPU
		{ED078764-23D7-41E7-BACF-A7FC389ACFBD}.Debug|Any CPU.ActiveCfg = Debug|Any CPU
		{ED078764-23D7-41E7-BACF-A7FC389ACFBD}.Debug|Any CPU.Build.0 = Debug|Any CPU
		{ED078764-23D7-41E7-BACF-A7FC389ACFBD}.Release|Any CPU.ActiveCfg = Release|Any CPU
		{ED078764-23D7-41E7-BACF-A7FC389ACFBD}.Release|Any CPU.Build.0 = Release|Any CPU
		{7C590C8D-7A50-46C6-AFE8-7EAF4999DD40}.Debug|Any CPU.ActiveCfg = Debug|Any CPU
		{7C590C8D-7A50-46C6-AFE8-7EAF4999DD40}.Debug|Any CPU.Build.0 = Debug|Any CPU
		{7C590C8D-7A50-46C6-AFE8-7EAF4999DD40}.Release|Any CPU.ActiveCfg = Release|Any CPU
		{7C590C8D-7A50-46C6-AFE8-7EAF4999DD40}.Release|Any CPU.Build.0 = Release|Any CPU
	EndGlobalSection
	GlobalSection(NestedProjects) = preSolution
		{44C68209-CF0F-45FB-A8E5-C9776BB924BA} = {01772BFC-28B1-49CB-A06D-7A6681E7FA3F}
		{FB399882-D8BC-4ED3-80B0-AC1ECB6FADEE} = {274923D1-08BE-4B33-A1E1-90D2CC298746}
		{1BF0AA4E-196C-46E6-8E18-248F7A9259A0} = {98E8A841-EF9B-4433-93B0-0B9F4EDF85B8}
		{79E158BD-9B90-4EBA-9F5E-26BE1C4113BC} = {01772BFC-28B1-49CB-A06D-7A6681E7FA3F}
		{0B10E9A9-2601-485A-977D-4783EEA96E3B} = {01772BFC-28B1-49CB-A06D-7A6681E7FA3F}
		{0FAB9876-31DD-4A0E-A03C-ED77C11C516B} = {01772BFC-28B1-49CB-A06D-7A6681E7FA3F}
		{A8A55A1C-5113-4F85-822D-1309804BB345} = {98E8A841-EF9B-4433-93B0-0B9F4EDF85B8}
		{74809CBA-AD30-4F57-AA3F-D7951D4CE5EC} = {01772BFC-28B1-49CB-A06D-7A6681E7FA3F}
		{9DED9D08-667B-4D68-A275-02D1EED0590E} = {01772BFC-28B1-49CB-A06D-7A6681E7FA3F}
		{20594253-16DA-498D-A6E7-91797EDC2C5B} = {98E8A841-EF9B-4433-93B0-0B9F4EDF85B8}
		{4FC9682A-9768-42F2-8CD8-CC3CDF5AC7E9} = {01772BFC-28B1-49CB-A06D-7A6681E7FA3F}
		{34E8E4E4-CA71-4888-A179-533A2C609FB3} = {98E8A841-EF9B-4433-93B0-0B9F4EDF85B8}
		{9F9D0AFE-B165-4C6B-9245-5BA14F61A9E5} = {274923D1-08BE-4B33-A1E1-90D2CC298746}
		{ED078764-23D7-41E7-BACF-A7FC389ACFBD} = {274923D1-08BE-4B33-A1E1-90D2CC298746}
		{9C605631-77ED-46C5-8520-CAE557B2BDCF} = {274923D1-08BE-4B33-A1E1-90D2CC298746}
		{6CA5C58F-CA42-4619-A943-4F911245507F} = {9C605631-77ED-46C5-8520-CAE557B2BDCF}
		{2C5500BD-1EA0-44F2-8227-9287CEA109E0} = {9C605631-77ED-46C5-8520-CAE557B2BDCF}
		{9FB19964-6FE7-47C6-A491-21BAE55DE172} = {9C605631-77ED-46C5-8520-CAE557B2BDCF}
		{16379419-9E85-4090-933F-6C91AF7DB372} = {9C605631-77ED-46C5-8520-CAE557B2BDCF}
		{1D3CD4C2-FCD1-44C9-9164-7322067CE299} = {9C605631-77ED-46C5-8520-CAE557B2BDCF}
		{80E600E0-F60C-43F5-97C4-A6581804E553} = {9C605631-77ED-46C5-8520-CAE557B2BDCF}
		{E440DF3C-EF8A-465D-8C33-07E2D158C086} = {9C605631-77ED-46C5-8520-CAE557B2BDCF}
		{6489315C-03E7-4C36-A65D-1E23EDB618D2} = {9C605631-77ED-46C5-8520-CAE557B2BDCF}
		{882A1509-5E03-4E45-876A-6ECA9A4FCAED} = {9C605631-77ED-46C5-8520-CAE557B2BDCF}
		{7C590C8D-7A50-46C6-AFE8-7EAF4999DD40} = {9C605631-77ED-46C5-8520-CAE557B2BDCF}
	EndGlobalSection
EndGlobal
